// !$*UTF8*$!
{
	archiveVersion = 1;
	classes = {
	};
	objectVersion = 51;
	objects = {

/* Begin PBXBuildFile section */
		7A9DC352FEA523B860ACE13E /* Pods_Kabum.framework in Frameworks */ = {isa = PBXBuildFile; fileRef = 21B075B53E92D90CDB9706A0 /* Pods_Kabum.framework */; };
		CA50DEA922AC00980088801D /* JSONSchemaSupport.swift in Sources */ = {isa = PBXBuildFile; fileRef = CA50DEA822AC00980088801D /* JSONSchemaSupport.swift */; };
		CA50DEAB22AC1B490088801D /* Banner.swift in Sources */ = {isa = PBXBuildFile; fileRef = CA50DEAA22AC1B490088801D /* Banner.swift */; };
		CA50DEAD22AC45F90088801D /* LaunchView.xib in Resources */ = {isa = PBXBuildFile; fileRef = CA50DEAC22AC45F90088801D /* LaunchView.xib */; };
		CA95004922AB143E0066F827 /* Produto.swift in Sources */ = {isa = PBXBuildFile; fileRef = CA95004522AB143D0066F827 /* Produto.swift */; };
		CA95004A22AB143E0066F827 /* Fabricante.swift in Sources */ = {isa = PBXBuildFile; fileRef = CA95004622AB143D0066F827 /* Fabricante.swift */; };
		CA95004B22AB143E0066F827 /* Oferta.swift in Sources */ = {isa = PBXBuildFile; fileRef = CA95004722AB143E0066F827 /* Oferta.swift */; };
		CA95005022AB2EF10066F827 /* LoadingTableViewCell.swift in Sources */ = {isa = PBXBuildFile; fileRef = CA95004F22AB2EF10066F827 /* LoadingTableViewCell.swift */; };
		CA9A35C922A9D97A005406FE /* AppDelegate.swift in Sources */ = {isa = PBXBuildFile; fileRef = CA9A35C822A9D97A005406FE /* AppDelegate.swift */; };
		CA9A35D022A9D97A005406FE /* Main.storyboard in Resources */ = {isa = PBXBuildFile; fileRef = CA9A35CE22A9D97A005406FE /* Main.storyboard */; };
		CA9A35D222A9D97C005406FE /* Assets.xcassets in Resources */ = {isa = PBXBuildFile; fileRef = CA9A35D122A9D97C005406FE /* Assets.xcassets */; };
		CA9A35D522A9D97C005406FE /* LaunchScreen.storyboard in Resources */ = {isa = PBXBuildFile; fileRef = CA9A35D322A9D97C005406FE /* LaunchScreen.storyboard */; };
		CA9A35DF22A9F711005406FE /* InicioTableViewController.swift in Sources */ = {isa = PBXBuildFile; fileRef = CA9A35DE22A9F711005406FE /* InicioTableViewController.swift */; };
		CA9A35E122AA0CB8005406FE /* UIView+Shadow.swift in Sources */ = {isa = PBXBuildFile; fileRef = CA9A35E022AA0CB8005406FE /* UIView+Shadow.swift */; };
		CA9A35EC22AA2A04005406FE /* ProdutoTableViewCell.swift in Sources */ = {isa = PBXBuildFile; fileRef = CA9A35EB22AA2A04005406FE /* ProdutoTableViewCell.swift */; };
		CA9A35EE22AAAEC5005406FE /* Constants.swift in Sources */ = {isa = PBXBuildFile; fileRef = CA9A35ED22AAAEC5005406FE /* Constants.swift */; };
/* End PBXBuildFile section */

/* Begin PBXFileReference section */
		02A4602DD99ABAC38A74DCB3 /* Pods-Kabum.release.xcconfig */ = {isa = PBXFileReference; includeInIndex = 1; lastKnownFileType = text.xcconfig; name = "Pods-Kabum.release.xcconfig"; path = "Target Support Files/Pods-Kabum/Pods-Kabum.release.xcconfig"; sourceTree = "<group>"; };
		21B075B53E92D90CDB9706A0 /* Pods_Kabum.framework */ = {isa = PBXFileReference; explicitFileType = wrapper.framework; includeInIndex = 0; path = Pods_Kabum.framework; sourceTree = BUILT_PRODUCTS_DIR; };
		AE90EAE6AC14886BD501278D /* Pods-Kabum.debug.xcconfig */ = {isa = PBXFileReference; includeInIndex = 1; lastKnownFileType = text.xcconfig; name = "Pods-Kabum.debug.xcconfig"; path = "Target Support Files/Pods-Kabum/Pods-Kabum.debug.xcconfig"; sourceTree = "<group>"; };
		CA50DEA822AC00980088801D /* JSONSchemaSupport.swift */ = {isa = PBXFileReference; fileEncoding = 4; lastKnownFileType = sourcecode.swift; path = JSONSchemaSupport.swift; sourceTree = "<group>"; };
		CA50DEAA22AC1B490088801D /* Banner.swift */ = {isa = PBXFileReference; fileEncoding = 4; lastKnownFileType = sourcecode.swift; path = Banner.swift; sourceTree = "<group>"; };
		CA50DEAC22AC45F90088801D /* LaunchView.xib */ = {isa = PBXFileReference; lastKnownFileType = file.xib; path = LaunchView.xib; sourceTree = "<group>"; };
		CA95004522AB143D0066F827 /* Produto.swift */ = {isa = PBXFileReference; fileEncoding = 4; lastKnownFileType = sourcecode.swift; path = Produto.swift; sourceTree = "<group>"; };
		CA95004622AB143D0066F827 /* Fabricante.swift */ = {isa = PBXFileReference; fileEncoding = 4; lastKnownFileType = sourcecode.swift; path = Fabricante.swift; sourceTree = "<group>"; };
		CA95004722AB143E0066F827 /* Oferta.swift */ = {isa = PBXFileReference; fileEncoding = 4; lastKnownFileType = sourcecode.swift; path = Oferta.swift; sourceTree = "<group>"; };
		CA95004F22AB2EF10066F827 /* LoadingTableViewCell.swift */ = {isa = PBXFileReference; lastKnownFileType = sourcecode.swift; path = LoadingTableViewCell.swift; sourceTree = "<group>"; };
		CA9A35C522A9D97A005406FE /* Kabum.app */ = {isa = PBXFileReference; explicitFileType = wrapper.application; includeInIndex = 0; path = Kabum.app; sourceTree = BUILT_PRODUCTS_DIR; };
		CA9A35C822A9D97A005406FE /* AppDelegate.swift */ = {isa = PBXFileReference; lastKnownFileType = sourcecode.swift; path = AppDelegate.swift; sourceTree = "<group>"; };
		CA9A35CF22A9D97A005406FE /* Base */ = {isa = PBXFileReference; lastKnownFileType = file.storyboard; name = Base; path = Base.lproj/Main.storyboard; sourceTree = "<group>"; };
		CA9A35D122A9D97C005406FE /* Assets.xcassets */ = {isa = PBXFileReference; lastKnownFileType = folder.assetcatalog; path = Assets.xcassets; sourceTree = "<group>"; };
		CA9A35D422A9D97C005406FE /* Base */ = {isa = PBXFileReference; lastKnownFileType = file.storyboard; name = Base; path = Base.lproj/LaunchScreen.storyboard; sourceTree = "<group>"; };
		CA9A35D622A9D97C005406FE /* Info.plist */ = {isa = PBXFileReference; lastKnownFileType = text.plist.xml; path = Info.plist; sourceTree = "<group>"; };
		CA9A35DE22A9F711005406FE /* InicioTableViewController.swift */ = {isa = PBXFileReference; lastKnownFileType = sourcecode.swift; path = InicioTableViewController.swift; sourceTree = "<group>"; };
		CA9A35E022AA0CB8005406FE /* UIView+Shadow.swift */ = {isa = PBXFileReference; fileEncoding = 4; lastKnownFileType = sourcecode.swift; path = "UIView+Shadow.swift"; sourceTree = "<group>"; };
		CA9A35EB22AA2A04005406FE /* ProdutoTableViewCell.swift */ = {isa = PBXFileReference; lastKnownFileType = sourcecode.swift; path = ProdutoTableViewCell.swift; sourceTree = "<group>"; };
		CA9A35ED22AAAEC5005406FE /* Constants.swift */ = {isa = PBXFileReference; lastKnownFileType = sourcecode.swift; path = Constants.swift; sourceTree = "<group>"; };
/* End PBXFileReference section */

/* Begin PBXFrameworksBuildPhase section */
		CA9A35C222A9D97A005406FE /* Frameworks */ = {
			isa = PBXFrameworksBuildPhase;
			buildActionMask = 2147483647;
			files = (
				7A9DC352FEA523B860ACE13E /* Pods_Kabum.framework in Frameworks */,
			);
			runOnlyForDeploymentPostprocessing = 0;
		};
/* End PBXFrameworksBuildPhase section */

/* Begin PBXGroup section */
		14BB73D5E5A64F919E513C03 /* Frameworks */ = {
			isa = PBXGroup;
			children = (
				21B075B53E92D90CDB9706A0 /* Pods_Kabum.framework */,
			);
			name = Frameworks;
			sourceTree = "<group>";
		};
		9BFFFCB2718F5D2D63EB93C0 /* Pods */ = {
			isa = PBXGroup;
			children = (
				AE90EAE6AC14886BD501278D /* Pods-Kabum.debug.xcconfig */,
				02A4602DD99ABAC38A74DCB3 /* Pods-Kabum.release.xcconfig */,
			);
			path = Pods;
			sourceTree = "<group>";
		};
		CA95004C22AB18FB0066F827 /* Helper */ = {
			isa = PBXGroup;
			children = (
				CA50DEA822AC00980088801D /* JSONSchemaSupport.swift */,
			);
			path = Helper;
			sourceTree = "<group>";
		};
		CA9A35BC22A9D97A005406FE = {
			isa = PBXGroup;
			children = (
				CA9A35C722A9D97A005406FE /* Kabum */,
				CA9A35C622A9D97A005406FE /* Products */,
				9BFFFCB2718F5D2D63EB93C0 /* Pods */,
				14BB73D5E5A64F919E513C03 /* Frameworks */,
			);
			sourceTree = "<group>";
		};
		CA9A35C622A9D97A005406FE /* Products */ = {
			isa = PBXGroup;
			children = (
				CA9A35C522A9D97A005406FE /* Kabum.app */,
			);
			name = Products;
			sourceTree = "<group>";
		};
		CA9A35C722A9D97A005406FE /* Kabum */ = {
			isa = PBXGroup;
			children = (
				CA9A35ED22AAAEC5005406FE /* Constants.swift */,
				CA9A35C822A9D97A005406FE /* AppDelegate.swift */,
				CA9A35DE22A9F711005406FE /* InicioTableViewController.swift */,
				CA9A35E322AA0CE2005406FE /* CustomViews */,
				CA9A35E222AA0CC1005406FE /* Extensions */,
				CA9A35E422AA17FB005406FE /* Model */,
				CA95004C22AB18FB0066F827 /* Helper */,
				CA9A35CE22A9D97A005406FE /* Main.storyboard */,
				CA9A35D122A9D97C005406FE /* Assets.xcassets */,
				CA9A35D322A9D97C005406FE /* LaunchScreen.storyboard */,
				CA50DEAC22AC45F90088801D /* LaunchView.xib */,
				CA9A35D622A9D97C005406FE /* Info.plist */,
			);
			path = Kabum;
			sourceTree = "<group>";
		};
		CA9A35E222AA0CC1005406FE /* Extensions */ = {
			isa = PBXGroup;
			children = (
				CA9A35E022AA0CB8005406FE /* UIView+Shadow.swift */,
			);
			path = Extensions;
			sourceTree = "<group>";
		};
		CA9A35E322AA0CE2005406FE /* CustomViews */ = {
			isa = PBXGroup;
			children = (
				CA9A35EB22AA2A04005406FE /* ProdutoTableViewCell.swift */,
				CA95004F22AB2EF10066F827 /* LoadingTableViewCell.swift */,
			);
			path = CustomViews;
			sourceTree = "<group>";
		};
		CA9A35E422AA17FB005406FE /* Model */ = {
			isa = PBXGroup;
			children = (
				CA50DEAA22AC1B490088801D /* Banner.swift */,
				CA95004622AB143D0066F827 /* Fabricante.swift */,
				CA95004722AB143E0066F827 /* Oferta.swift */,
				CA95004522AB143D0066F827 /* Produto.swift */,
			);
			path = Model;
			sourceTree = "<group>";
		};
/* End PBXGroup section */

/* Begin PBXNativeTarget section */
		CA9A35C422A9D97A005406FE /* Kabum */ = {
			isa = PBXNativeTarget;
			buildConfigurationList = CA9A35D922A9D97C005406FE /* Build configuration list for PBXNativeTarget "Kabum" */;
			buildPhases = (
				9C35D2570B5F46D99D787176 /* [CP] Check Pods Manifest.lock */,
				CA9A35C122A9D97A005406FE /* Sources */,
				CA9A35C222A9D97A005406FE /* Frameworks */,
				CA9A35C322A9D97A005406FE /* Resources */,
				C5974441F0E00FF1970B42E9 /* [CP] Embed Pods Frameworks */,
			);
			buildRules = (
			);
			dependencies = (
			);
			name = Kabum;
			productName = Kabum;
			productReference = CA9A35C522A9D97A005406FE /* Kabum.app */;
			productType = "com.apple.product-type.application";
		};
/* End PBXNativeTarget section */

/* Begin PBXProject section */
		CA9A35BD22A9D97A005406FE /* Project object */ = {
			isa = PBXProject;
			attributes = {
				LastSwiftUpdateCheck = 1020;
				LastUpgradeCheck = 1020;
				ORGANIZATIONNAME = Kabum;
				TargetAttributes = {
					CA9A35C422A9D97A005406FE = {
						CreatedOnToolsVersion = 10.2.1;
					};
				};
			};
			buildConfigurationList = CA9A35C022A9D97A005406FE /* Build configuration list for PBXProject "Kabum" */;
			compatibilityVersion = "Xcode 9.3";
			developmentRegion = en;
			hasScannedForEncodings = 0;
			knownRegions = (
				en,
				Base,
			);
			mainGroup = CA9A35BC22A9D97A005406FE;
			productRefGroup = CA9A35C622A9D97A005406FE /* Products */;
			projectDirPath = "";
			projectRoot = "";
			targets = (
				CA9A35C422A9D97A005406FE /* Kabum */,
			);
		};
/* End PBXProject section */

/* Begin PBXResourcesBuildPhase section */
		CA9A35C322A9D97A005406FE /* Resources */ = {
			isa = PBXResourcesBuildPhase;
			buildActionMask = 2147483647;
			files = (
				CA50DEAD22AC45F90088801D /* LaunchView.xib in Resources */,
				CA9A35D522A9D97C005406FE /* LaunchScreen.storyboard in Resources */,
				CA9A35D222A9D97C005406FE /* Assets.xcassets in Resources */,
				CA9A35D022A9D97A005406FE /* Main.storyboard in Resources */,
			);
			runOnlyForDeploymentPostprocessing = 0;
		};
/* End PBXResourcesBuildPhase section */

/* Begin PBXShellScriptBuildPhase section */
		9C35D2570B5F46D99D787176 /* [CP] Check Pods Manifest.lock */ = {
			isa = PBXShellScriptBuildPhase;
			buildActionMask = 2147483647;
			files = (
			);
			inputFileListPaths = (
			);
			inputPaths = (
				"${PODS_PODFILE_DIR_PATH}/Podfile.lock",
				"${PODS_ROOT}/Manifest.lock",
			);
			name = "[CP] Check Pods Manifest.lock";
			outputFileListPaths = (
			);
			outputPaths = (
				"$(DERIVED_FILE_DIR)/Pods-Kabum-checkManifestLockResult.txt",
			);
			runOnlyForDeploymentPostprocessing = 0;
			shellPath = /bin/sh;
			shellScript = "diff \"${PODS_PODFILE_DIR_PATH}/Podfile.lock\" \"${PODS_ROOT}/Manifest.lock\" > /dev/null\nif [ $? != 0 ] ; then\n    # print error to STDERR\n    echo \"error: The sandbox is not in sync with the Podfile.lock. Run 'pod install' or update your CocoaPods installation.\" >&2\n    exit 1\nfi\n# This output is used by Xcode 'outputs' to avoid re-running this script phase.\necho \"SUCCESS\" > \"${SCRIPT_OUTPUT_FILE_0}\"\n";
			showEnvVarsInLog = 0;
		};
		C5974441F0E00FF1970B42E9 /* [CP] Embed Pods Frameworks */ = {
			isa = PBXShellScriptBuildPhase;
			buildActionMask = 2147483647;
			files = (
			);
			inputFileListPaths = (
				"${PODS_ROOT}/Target Support Files/Pods-Kabum/Pods-Kabum-frameworks-${CONFIGURATION}-input-files.xcfilelist",
			);
			name = "[CP] Embed Pods Frameworks";
			outputFileListPaths = (
				"${PODS_ROOT}/Target Support Files/Pods-Kabum/Pods-Kabum-frameworks-${CONFIGURATION}-output-files.xcfilelist",
			);
			runOnlyForDeploymentPostprocessing = 0;
			shellPath = /bin/sh;
			shellScript = "\"${PODS_ROOT}/Target Support Files/Pods-Kabum/Pods-Kabum-frameworks.sh\"\n";
			showEnvVarsInLog = 0;
		};
/* End PBXShellScriptBuildPhase section */

/* Begin PBXSourcesBuildPhase section */
		CA9A35C122A9D97A005406FE /* Sources */ = {
			isa = PBXSourcesBuildPhase;
			buildActionMask = 2147483647;
			files = (
				CA50DEA922AC00980088801D /* JSONSchemaSupport.swift in Sources */,
				CA95004922AB143E0066F827 /* Produto.swift in Sources */,
				CA95004A22AB143E0066F827 /* Fabricante.swift in Sources */,
				CA9A35EC22AA2A04005406FE /* ProdutoTableViewCell.swift in Sources */,
				CA50DEAB22AC1B490088801D /* Banner.swift in Sources */,
				CA9A35DF22A9F711005406FE /* InicioTableViewController.swift in Sources */,
				CA9A35E122AA0CB8005406FE /* UIView+Shadow.swift in Sources */,
				CA95005022AB2EF10066F827 /* LoadingTableViewCell.swift in Sources */,
				CA9A35C922A9D97A005406FE /* AppDelegate.swift in Sources */,
				CA95004B22AB143E0066F827 /* Oferta.swift in Sources */,
				CA9A35EE22AAAEC5005406FE /* Constants.swift in Sources */,
			);
			runOnlyForDeploymentPostprocessing = 0;
		};
/* End PBXSourcesBuildPhase section */

/* Begin PBXVariantGroup section */
		CA9A35CE22A9D97A005406FE /* Main.storyboard */ = {
			isa = PBXVariantGroup;
			children = (
				CA9A35CF22A9D97A005406FE /* Base */,
			);
			name = Main.storyboard;
			sourceTree = "<group>";
		};
		CA9A35D322A9D97C005406FE /* LaunchScreen.storyboard */ = {
			isa = PBXVariantGroup;
			children = (
				CA9A35D422A9D97C005406FE /* Base */,
			);
			name = LaunchScreen.storyboard;
			sourceTree = "<group>";
		};
/* End PBXVariantGroup section */

/* Begin XCBuildConfiguration section */
		CA9A35D722A9D97C005406FE /* Debug */ = {
			isa = XCBuildConfiguration;
			buildSettings = {
				ALWAYS_SEARCH_USER_PATHS = NO;
				CLANG_ANALYZER_NONNULL = YES;
				CLANG_ANALYZER_NUMBER_OBJECT_CONVERSION = YES_AGGRESSIVE;
				CLANG_CXX_LANGUAGE_STANDARD = "gnu++14";
				CLANG_CXX_LIBRARY = "libc++";
				CLANG_ENABLE_MODULES = YES;
				CLANG_ENABLE_OBJC_ARC = YES;
				CLANG_ENABLE_OBJC_WEAK = YES;
				CLANG_WARN_BLOCK_CAPTURE_AUTORELEASING = YES;
				CLANG_WARN_BOOL_CONVERSION = YES;
				CLANG_WARN_COMMA = YES;
				CLANG_WARN_CONSTANT_CONVERSION = YES;
				CLANG_WARN_DEPRECATED_OBJC_IMPLEMENTATIONS = YES;
				CLANG_WARN_DIRECT_OBJC_ISA_USAGE = YES_ERROR;
				CLANG_WARN_DOCUMENTATION_COMMENTS = YES;
				CLANG_WARN_EMPTY_BODY = YES;
				CLANG_WARN_ENUM_CONVERSION = YES;
				CLANG_WARN_INFINITE_RECURSION = YES;
				CLANG_WARN_INT_CONVERSION = YES;
				CLANG_WARN_NON_LITERAL_NULL_CONVERSION = YES;
				CLANG_WARN_OBJC_IMPLICIT_RETAIN_SELF = YES;
				CLANG_WARN_OBJC_LITERAL_CONVERSION = YES;
				CLANG_WARN_OBJC_ROOT_CLASS = YES_ERROR;
				CLANG_WARN_RANGE_LOOP_ANALYSIS = YES;
				CLANG_WARN_STRICT_PROTOTYPES = YES;
				CLANG_WARN_SUSPICIOUS_MOVE = YES;
				CLANG_WARN_UNGUARDED_AVAILABILITY = YES_AGGRESSIVE;
				CLANG_WARN_UNREACHABLE_CODE = YES;
				CLANG_WARN__DUPLICATE_METHOD_MATCH = YES;
				CODE_SIGN_IDENTITY = "iPhone Developer";
				COPY_PHASE_STRIP = NO;
				DEBUG_INFORMATION_FORMAT = dwarf;
				ENABLE_STRICT_OBJC_MSGSEND = YES;
				ENABLE_TESTABILITY = YES;
				GCC_C_LANGUAGE_STANDARD = gnu11;
				GCC_DYNAMIC_NO_PIC = NO;
				GCC_NO_COMMON_BLOCKS = YES;
				GCC_OPTIMIZATION_LEVEL = 0;
				GCC_PREPROCESSOR_DEFINITIONS = (
					"DEBUG=1",
					"$(inherited)",
				);
				GCC_WARN_64_TO_32_BIT_CONVERSION = YES;
				GCC_WARN_ABOUT_RETURN_TYPE = YES_ERROR;
				GCC_WARN_UNDECLARED_SELECTOR = YES;
				GCC_WARN_UNINITIALIZED_AUTOS = YES_AGGRESSIVE;
				GCC_WARN_UNUSED_FUNCTION = YES;
				GCC_WARN_UNUSED_VARIABLE = YES;
				IPHONEOS_DEPLOYMENT_TARGET = 12.2;
				MTL_ENABLE_DEBUG_INFO = INCLUDE_SOURCE;
				MTL_FAST_MATH = YES;
				ONLY_ACTIVE_ARCH = YES;
				SDKROOT = iphoneos;
				SWIFT_ACTIVE_COMPILATION_CONDITIONS = DEBUG;
				SWIFT_OPTIMIZATION_LEVEL = "-Onone";
			};
			name = Debug;
		};
		CA9A35D822A9D97C005406FE /* Release */ = {
			isa = XCBuildConfiguration;
			buildSettings = {
				ALWAYS_SEARCH_USER_PATHS = NO;
				CLANG_ANALYZER_NONNULL = YES;
				CLANG_ANALYZER_NUMBER_OBJECT_CONVERSION = YES_AGGRESSIVE;
				CLANG_CXX_LANGUAGE_STANDARD = "gnu++14";
				CLANG_CXX_LIBRARY = "libc++";
				CLANG_ENABLE_MODULES = YES;
				CLANG_ENABLE_OBJC_ARC = YES;
				CLANG_ENABLE_OBJC_WEAK = YES;
				CLANG_WARN_BLOCK_CAPTURE_AUTORELEASING = YES;
				CLANG_WARN_BOOL_CONVERSION = YES;
				CLANG_WARN_COMMA = YES;
				CLANG_WARN_CONSTANT_CONVERSION = YES;
				CLANG_WARN_DEPRECATED_OBJC_IMPLEMENTATIONS = YES;
				CLANG_WARN_DIRECT_OBJC_ISA_USAGE = YES_ERROR;
				CLANG_WARN_DOCUMENTATION_COMMENTS = YES;
				CLANG_WARN_EMPTY_BODY = YES;
				CLANG_WARN_ENUM_CONVERSION = YES;
				CLANG_WARN_INFINITE_RECURSION = YES;
				CLANG_WARN_INT_CONVERSION = YES;
				CLANG_WARN_NON_LITERAL_NULL_CONVERSION = YES;
				CLANG_WARN_OBJC_IMPLICIT_RETAIN_SELF = YES;
				CLANG_WARN_OBJC_LITERAL_CONVERSION = YES;
				CLANG_WARN_OBJC_ROOT_CLASS = YES_ERROR;
				CLANG_WARN_RANGE_LOOP_ANALYSIS = YES;
				CLANG_WARN_STRICT_PROTOTYPES = YES;
				CLANG_WARN_SUSPICIOUS_MOVE = YES;
				CLANG_WARN_UNGUARDED_AVAILABILITY = YES_AGGRESSIVE;
				CLANG_WARN_UNREACHABLE_CODE = YES;
				CLANG_WARN__DUPLICATE_METHOD_MATCH = YES;
				CODE_SIGN_IDENTITY = "iPhone Developer";
				COPY_PHASE_STRIP = NO;
				DEBUG_INFORMATION_FORMAT = "dwarf-with-dsym";
				ENABLE_NS_ASSERTIONS = NO;
				ENABLE_STRICT_OBJC_MSGSEND = YES;
				GCC_C_LANGUAGE_STANDARD = gnu11;
				GCC_NO_COMMON_BLOCKS = YES;
				GCC_WARN_64_TO_32_BIT_CONVERSION = YES;
				GCC_WARN_ABOUT_RETURN_TYPE = YES_ERROR;
				GCC_WARN_UNDECLARED_SELECTOR = YES;
				GCC_WARN_UNINITIALIZED_AUTOS = YES_AGGRESSIVE;
				GCC_WARN_UNUSED_FUNCTION = YES;
				GCC_WARN_UNUSED_VARIABLE = YES;
				IPHONEOS_DEPLOYMENT_TARGET = 12.2;
				MTL_ENABLE_DEBUG_INFO = NO;
				MTL_FAST_MATH = YES;
				SDKROOT = iphoneos;
				SWIFT_COMPILATION_MODE = wholemodule;
				SWIFT_OPTIMIZATION_LEVEL = "-O";
				VALIDATE_PRODUCT = YES;
			};
			name = Release;
		};
		CA9A35DA22A9D97C005406FE /* Debug */ = {
			isa = XCBuildConfiguration;
			baseConfigurationReference = AE90EAE6AC14886BD501278D /* Pods-Kabum.debug.xcconfig */;
			buildSettings = {
				ASSETCATALOG_COMPILER_APPICON_NAME = AppIcon;
				CODE_SIGN_STYLE = Automatic;
				DEVELOPMENT_TEAM = C3H4NGKAVF;
				INFOPLIST_FILE = Kabum/Info.plist;
				LD_RUNPATH_SEARCH_PATHS = (
					"$(inherited)",
					"@executable_path/Frameworks",
				);
				PRODUCT_BUNDLE_IDENTIFIER = br.com.kabum.Kabum;
				PRODUCT_NAME = "$(TARGET_NAME)";
				SWIFT_VERSION = 5.0;
				TARGETED_DEVICE_FAMILY = "1,2";
			};
			name = Debug;
		};
		CA9A35DB22A9D97C005406FE /* Release */ = {
			isa = XCBuildConfiguration;
			baseConfigurationReference = 02A4602DD99ABAC38A74DCB3 /* Pods-Kabum.release.xcconfig */;
			buildSettings = {
				ASSETCATALOG_COMPILER_APPICON_NAME = AppIcon;
				CODE_SIGN_STYLE = Automatic;
				DEVELOPMENT_TEAM = C3H4NGKAVF;
				INFOPLIST_FILE = Kabum/Info.plist;
				LD_RUNPATH_SEARCH_PATHS = (
					"$(inherited)",
					"@executable_path/Frameworks",
				);
				PRODUCT_BUNDLE_IDENTIFIER = br.com.kabum.Kabum;
				PRODUCT_NAME = "$(TARGET_NAME)";
				SWIFT_VERSION = 5.0;
				TARGETED_DEVICE_FAMILY = "1,2";
			};
			name = Release;
		};
/* End XCBuildConfiguration section */

/* Begin XCConfigurationList section */
		CA9A35C022A9D97A005406FE /* Build configuration list for PBXProject "Kabum" */ = {
			isa = XCConfigurationList;
			buildConfigurations = (
				CA9A35D722A9D97C005406FE /* Debug */,
				CA9A35D822A9D97C005406FE /* Release */,
			);
			defaultConfigurationIsVisible = 0;
			defaultConfigurationName = Release;
		};
		CA9A35D922A9D97C005406FE /* Build configuration list for PBXNativeTarget "Kabum" */ = {
			isa = XCConfigurationList;
			buildConfigurations = (
				CA9A35DA22A9D97C005406FE /* Debug */,
				CA9A35DB22A9D97C005406FE /* Release */,
			);
			defaultConfigurationIsVisible = 0;
			defaultConfigurationName = Release;
		};
/* End XCConfigurationList section */
	};
	rootObject = CA9A35BD22A9D97A005406FE /* Project object */;
}
